
Microsoft Visual Studio Solution File, Format Version 12.00
# Visual Studio Version 17
VisualStudioVersion = 17.13.35818.85 d17.13
MinimumVisualStudioVersion = 10.0.40219.1
Project("{FAE04EC0-301F-11D3-BF4B-00C04F79EFBC}") = "SimpleCalculator", "SimpleCalculator\SimpleCalculator.csproj", "{AC6C5FC3-EC66-42E1-8124-3C4C199B3D53}"
EndProject
Global
	GlobalSection(SolutionConfigurationPlatforms) = preSolution
		Debug|Any CPU = Debug|Any CPU
		Release|Any CPU = Release|Any CPU
	EndGlobalSection
	GlobalSection(ProjectConfigurationPlatforms) = postSolution
		{AC6C5FC3-EC66-42E1-8124-3C4C199B3D53}.Debug|Any CPU.ActiveCfg = Debug|Any CPU
		{AC6C5FC3-EC66-42E1-8124-3C4C199B3D53}.Debug|Any CPU.Build.0 = Debug|Any CPU
		{AC6C5FC3-EC66-42E1-8124-3C4C199B3D53}.Release|Any CPU.ActiveCfg = Release|Any CPU
		{AC6C5FC3-EC66-42E1-8124-3C4C199B3D53}.Release|Any CPU.Build.0 = Release|Any CPU
	EndGlobalSection
	GlobalSection(SolutionProperties) = preSolution
		HideSolutionNode = FALSE
	EndGlobalSection
	GlobalSection(ExtensibilityGlobals) = postSolution
		SolutionGuid = {B0C1616B-38AC-49B0-A2BC-BF20CE3FB0F9}
	EndGlobalSection
EndGlobal
